{
  "name": "@web3modal/onramp",
  "version": "4.0.0-alpha.3",
  "lockfileVersion": 3,
  "requires": true,
  "packages": {
    "": {
      "name": "@web3modal/onramp",
      "version": "4.0.0-alpha.3",
      "license": "Apache-2.0",
      "dependencies": {
        "@coinbase/cbpay-js": "^1.10.0"
      }
    },
    "node_modules/@coinbase/cbpay-js": {
      "version": "1.10.0",
      "resolved": "https://registry.npmjs.org/@coinbase/cbpay-js/-/cbpay-js-1.10.0.tgz",
      "integrity": "sha512-jQ4rqJFNbsCMZ74ATucAUv2IpkbPFXsY+6AVBvFVNKmG4rEgc10Fa87pw/idm6Tlrs7EERQRXEs21DvJpMzi8A==",
      "engines": {
        "node": ">= 14"
      },
      "peerDependencies": {
        "regenerator-runtime": "^0.13.9"
      },
      "peerDependenciesMeta": {
        "regenerator-runtime": {
          "optional": true
        }
      }
    }
  }
}
